
Microsoft Visual Studio Solution File, Format Version 12.00
# Visual Studio Version 16
VisualStudioVersion = 16.0.29411.108
MinimumVisualStudioVersion = 10.0.40219.1
Project("{9A19103F-16F7-4668-BE54-9A1E7A4F7556}") = "NPFTestApi", "src\NPFTestApi\NPFTestApi.csproj", "{12E11D84-B369-487B-AE65-7F9EC67F51F0}"
EndProject
Project("{9A19103F-16F7-4668-BE54-9A1E7A4F7556}") = "NPFTestApi.Core", "src\NPFTestApi.Core\NPFTestApi.Core.csproj", "{5C30F13D-DFAC-4267-8310-D4B949ABD2A7}"
EndProject
Project("{2150E333-8FDC-42A3-9474-1A3956D46DE8}") = "src", "src", "{F347D7B9-C499-48FE-BCBE-594B77F6A51B}"
EndProject
Project("{2150E333-8FDC-42A3-9474-1A3956D46DE8}") = "tests", "tests", "{CCD7A701-0DFF-4E8E-B5C2-2243D326B131}"
EndProject
Project("{FAE04EC0-301F-11D3-BF4B-00C04F79EFBC}") = "NPFTestApi.Tests", "tests\NPFTestApi.Tests\NPFTestApi.Tests.csproj", "{D603814B-A10B-46A8-B52D-619BEED7FCE2}"
EndProject
Global
	GlobalSection(SolutionConfigurationPlatforms) = preSolution
		Debug|Any CPU = Debug|Any CPU
		Release|Any CPU = Release|Any CPU
	EndGlobalSection
	GlobalSection(ProjectConfigurationPlatforms) = postSolution
		{12E11D84-B369-487B-AE65-7F9EC67F51F0}.Debug|Any CPU.ActiveCfg = Debug|Any CPU
		{12E11D84-B369-487B-AE65-7F9EC67F51F0}.Debug|Any CPU.Build.0 = Debug|Any CPU
		{12E11D84-B369-487B-AE65-7F9EC67F51F0}.Release|Any CPU.ActiveCfg = Release|Any CPU
		{12E11D84-B369-487B-AE65-7F9EC67F51F0}.Release|Any CPU.Build.0 = Release|Any CPU
		{5C30F13D-DFAC-4267-8310-D4B949ABD2A7}.Debug|Any CPU.ActiveCfg = Debug|Any CPU
		{5C30F13D-DFAC-4267-8310-D4B949ABD2A7}.Debug|Any CPU.Build.0 = Debug|Any CPU
		{5C30F13D-DFAC-4267-8310-D4B949ABD2A7}.Release|Any CPU.ActiveCfg = Release|Any CPU
		{5C30F13D-DFAC-4267-8310-D4B949ABD2A7}.Release|Any CPU.Build.0 = Release|Any CPU
		{D603814B-A10B-46A8-B52D-619BEED7FCE2}.Debug|Any CPU.ActiveCfg = Debug|Any CPU
		{D603814B-A10B-46A8-B52D-619BEED7FCE2}.Debug|Any CPU.Build.0 = Debug|Any CPU
		{D603814B-A10B-46A8-B52D-619BEED7FCE2}.Release|Any CPU.ActiveCfg = Release|Any CPU
		{D603814B-A10B-46A8-B52D-619BEED7FCE2}.Release|Any CPU.Build.0 = Release|Any CPU
	EndGlobalSection
	GlobalSection(SolutionProperties) = preSolution
		HideSolutionNode = FALSE
	EndGlobalSection
	GlobalSection(NestedProjects) = preSolution
		{12E11D84-B369-487B-AE65-7F9EC67F51F0} = {F347D7B9-C499-48FE-BCBE-594B77F6A51B}
		{5C30F13D-DFAC-4267-8310-D4B949ABD2A7} = {F347D7B9-C499-48FE-BCBE-594B77F6A51B}
		{D603814B-A10B-46A8-B52D-619BEED7FCE2} = {CCD7A701-0DFF-4E8E-B5C2-2243D326B131}
	EndGlobalSection
	GlobalSection(ExtensibilityGlobals) = postSolution
		SolutionGuid = {3A40604E-4D8D-4229-9BE5-72CEC4709DBE}
	EndGlobalSection
EndGlobal
